--- 
hash: 131b5af0992e9240cdc24d435e4e95f4d3fda38c
sources: 
- Git: 
    git: git://github.com/NZKoz/cassandra_object.git
    uri: git://github.com/NZKoz/cassandra_object.git
    ref: b962c6c61e2761aec3f2530bc582bc57507ae926
- Rubygems: 
    uri: http://rubygems.org
specs: 
- rake: 
    version: 0.8.7
- abstract: 
    version: 1.0.0
- builder: 
    version: 2.1.2
- i18n: 
    version: 0.3.7
- memcache-client: 
    version: 1.8.3
- tzinfo: 
    version: 0.3.22
- activesupport: 
    version: 3.0.0.beta3
- activemodel: 
    version: 3.0.0.beta3
- erubis: 
    version: 2.6.5
- rack: 
    version: 1.1.0
- rack-mount: 
    version: 0.6.3
- rack-test: 
    version: 0.5.4
- actionpack: 
    version: 3.0.0.beta3
- mime-types: 
    version: "1.16"
- polyglot: 
    version: 0.3.1
- treetop: 
    version: 1.4.8
- mail: 
    version: 2.2.1
- text-hyphen: 
    version: 1.0.0
- text-format: 
    version: 1.0.0
- actionmailer: 
    version: 3.0.0.beta3
- arel: 
    version: 0.3.3
- activerecord: 
    version: 3.0.0.beta3
- activeresource: 
    version: 3.0.0.beta3
- bundler: 
    version: 0.9.25
- json: 
    version: 1.4.3
- simple_uuid: 
    version: 0.1.1
- thrift: 
    version: 0.2.0.4
- thrift_client: 
    version: 0.4.3
- cassandra: 
    version: 0.8.2
- cassandra_object: 
    version: 0.6.0.pre
    source: 0
- nokogiri: 
    version: 1.4.2
- thor: 
    version: 0.13.6
- railties: 
    version: 3.0.0.beta3
- rails: 
    version: 3.0.0.beta3
dependencies: 
  rails: 
    version: = 3.0.0.beta3
    group: 
    - :default
  nokogiri: 
    version: = 1.4.2
    group: 
    - :default
  cassandra_object: 
    version: ">= 0"
    group: 
    - :default
